
Microsoft Visual Studio Solution File, Format Version 12.00
# Visual Studio Version 16
VisualStudioVersion = 16.0.32002.261
MinimumVisualStudioVersion = 10.0.40219.1
Project("{FAE04EC0-301F-11D3-BF4B-00C04F79EFBC}") = "Assign6.Project1.ABBC", "Assign6.Project1.ABBC\Assign6.Project1.ABBC.csproj", "{2AFA8B4A-0F36-4AA7-8A09-181F8E761456}"
EndProject
Global
	GlobalSection(SolutionConfigurationPlatforms) = preSolution
		Debug|Any CPU = Debug|Any CPU
		Release|Any CPU = Release|Any CPU
	EndGlobalSection
	GlobalSection(ProjectConfigurationPlatforms) = postSolution
		{2AFA8B4A-0F36-4AA7-8A09-181F8E761456}.Debug|Any CPU.ActiveCfg = Debug|Any CPU
		{2AFA8B4A-0F36-4AA7-8A09-181F8E761456}.Debug|Any CPU.Build.0 = Debug|Any CPU
		{2AFA8B4A-0F36-4AA7-8A09-181F8E761456}.Release|Any CPU.ActiveCfg = Release|Any CPU
		{2AFA8B4A-0F36-4AA7-8A09-181F8E761456}.Release|Any CPU.Build.0 = Release|Any CPU
	EndGlobalSection
	GlobalSection(SolutionProperties) = preSolution
		HideSolutionNode = FALSE
	EndGlobalSection
	GlobalSection(ExtensibilityGlobals) = postSolution
		SolutionGuid = {10214C00-8DE4-42DD-B6FC-9029B500E0F8}
	EndGlobalSection
EndGlobal
